
Microsoft Visual Studio Solution File, Format Version 12.00
# Visual Studio 2013
VisualStudioVersion = 12.0.21005.1
MinimumVisualStudioVersion = 10.0.40219.1
Project("{8BC9CEB8-8B4A-11D0-8D11-00A0C91BC942}") = "2022.2.18 C++（构造函数 析构函数）", "2022.2.18 C++（构造函数 析构函数）\2022.2.18 C++（构造函数 析构函数）.vcxproj", "{183179F5-E2B2-44D0-94B5-F7FA3B5DC43A}"
EndProject
Global
	GlobalSection(SolutionConfigurationPlatforms) = preSolution
		Debug|Win32 = Debug|Win32
		Release|Win32 = Release|Win32
	EndGlobalSection
	GlobalSection(ProjectConfigurationPlatforms) = postSolution
		{183179F5-E2B2-44D0-94B5-F7FA3B5DC43A}.Debug|Win32.ActiveCfg = Debug|Win32
		{183179F5-E2B2-44D0-94B5-F7FA3B5DC43A}.Debug|Win32.Build.0 = Debug|Win32
		{183179F5-E2B2-44D0-94B5-F7FA3B5DC43A}.Release|Win32.ActiveCfg = Release|Win32
		{183179F5-E2B2-44D0-94B5-F7FA3B5DC43A}.Release|Win32.Build.0 = Release|Win32
	EndGlobalSection
	GlobalSection(SolutionProperties) = preSolution
		HideSolutionNode = FALSE
	EndGlobalSection
EndGlobal
